
Microsoft Visual Studio Solution File, Format Version 11.00
# Visual Studio 2010
Project("{8BC9CEB8-8B4A-11D0-8D11-00A0C91BC942}") = "ComplierSrc", "ComplierSrc\ComplierSrc.vcxproj", "{83A1EDA4-EE13-4C9F-B80C-59FDF65A09CF}"
EndProject
Global
	GlobalSection(SolutionConfigurationPlatforms) = preSolution
		Debug|Win32 = Debug|Win32
		Release|Win32 = Release|Win32
	EndGlobalSection
	GlobalSection(ProjectConfigurationPlatforms) = postSolution
		{83A1EDA4-EE13-4C9F-B80C-59FDF65A09CF}.Debug|Win32.ActiveCfg = Debug|Win32
		{83A1EDA4-EE13-4C9F-B80C-59FDF65A09CF}.Debug|Win32.Build.0 = Debug|Win32
		{83A1EDA4-EE13-4C9F-B80C-59FDF65A09CF}.Release|Win32.ActiveCfg = Release|Win32
		{83A1EDA4-EE13-4C9F-B80C-59FDF65A09CF}.Release|Win32.Build.0 = Release|Win32
	EndGlobalSection
	GlobalSection(SolutionProperties) = preSolution
		HideSolutionNode = FALSE
	EndGlobalSection
EndGlobal
