
Microsoft Visual Studio Solution File, Format Version 12.00
# Visual Studio 15
VisualStudioVersion = 15.0.28010.2036
MinimumVisualStudioVersion = 10.0.40219.1
Project("{8BC9CEB8-8B4A-11D0-8D11-00A0C91BC942}") = "ComplierSrc", "ComplierSrc\ComplierSrc.vcxproj", "{CBBE3EA5-C6C6-4E45-859A-EBE0AA9D63AA}"
EndProject
Global
	GlobalSection(SolutionConfigurationPlatforms) = preSolution
		Debug|x64 = Debug|x64
		Debug|x86 = Debug|x86
		Release|x64 = Release|x64
		Release|x86 = Release|x86
	EndGlobalSection
	GlobalSection(ProjectConfigurationPlatforms) = postSolution
		{CBBE3EA5-C6C6-4E45-859A-EBE0AA9D63AA}.Debug|x64.ActiveCfg = Debug|x64
		{CBBE3EA5-C6C6-4E45-859A-EBE0AA9D63AA}.Debug|x64.Build.0 = Debug|x64
		{CBBE3EA5-C6C6-4E45-859A-EBE0AA9D63AA}.Debug|x86.ActiveCfg = Debug|Win32
		{CBBE3EA5-C6C6-4E45-859A-EBE0AA9D63AA}.Debug|x86.Build.0 = Debug|Win32
		{CBBE3EA5-C6C6-4E45-859A-EBE0AA9D63AA}.Release|x64.ActiveCfg = Release|x64
		{CBBE3EA5-C6C6-4E45-859A-EBE0AA9D63AA}.Release|x64.Build.0 = Release|x64
		{CBBE3EA5-C6C6-4E45-859A-EBE0AA9D63AA}.Release|x86.ActiveCfg = Release|Win32
		{CBBE3EA5-C6C6-4E45-859A-EBE0AA9D63AA}.Release|x86.Build.0 = Release|Win32
	EndGlobalSection
	GlobalSection(SolutionProperties) = preSolution
		HideSolutionNode = FALSE
	EndGlobalSection
	GlobalSection(ExtensibilityGlobals) = postSolution
		SolutionGuid = {003A739D-DC6E-4CF6-A564-41E460E69995}
	EndGlobalSection
EndGlobal
